
Microsoft Visual Studio Solution File, Format Version 12.00
# Visual Studio 15
Project("{FAE04EC0-301F-11D3-BF4B-00C04F79EFBC}") = "VRC.ClientSim", "VRC.ClientSim.csproj", "{82ABECAA-D685-820B-8112-DA073453F16C}"
EndProject
Project("{FAE04EC0-301F-11D3-BF4B-00C04F79EFBC}") = "lilToon.Editor.External", "lilToon.Editor.External.csproj", "{DB635E40-06E4-32D3-6FEE-9EAADE4DBF74}"
EndProject
Project("{FAE04EC0-301F-11D3-BF4B-00C04F79EFBC}") = "VRC.Udon.Serialization.OdinSerializer", "VRC.Udon.Serialization.OdinSerializer.csproj", "{23EBA436-095C-FE31-1F54-A8528DD21599}"
EndProject
Project("{FAE04EC0-301F-11D3-BF4B-00C04F79EFBC}") = "UdonSharp.Editor", "UdonSharp.Editor.csproj", "{CA7D16A6-0D9A-F154-FA03-5425806AA68F}"
EndProject
Project("{FAE04EC0-301F-11D3-BF4B-00C04F79EFBC}") = "VRC.Udon.Editor", "VRC.Udon.Editor.csproj", "{87D34F7F-61AE-E871-6734-F78B13D48E2F}"
EndProject
Project("{FAE04EC0-301F-11D3-BF4B-00C04F79EFBC}") = "VRC.SDKBase.Editor", "VRC.SDKBase.Editor.csproj", "{9ADB768A-ADCE-41A1-8BA3-8CC42190E673}"
EndProject
Project("{FAE04EC0-301F-11D3-BF4B-00C04F79EFBC}") = "Cyan.CyanTrigger.Editor", "Cyan.CyanTrigger.Editor.csproj", "{BE776858-8FD1-0C88-7A38-E1C61D0E205C}"
EndProject
Project("{FAE04EC0-301F-11D3-BF4B-00C04F79EFBC}") = "BakeryEditorAssembly", "BakeryEditorAssembly.csproj", "{5512EE9B-E382-9D60-0B29-8FE7F5C47FA8}"
EndProject
Project("{FAE04EC0-301F-11D3-BF4B-00C04F79EFBC}") = "jp.lilxyzw.editortoolbox", "jp.lilxyzw.editortoolbox.csproj", "{0E6CA0AE-6DE0-EB40-2B22-8025541A2B31}"
EndProject
Project("{FAE04EC0-301F-11D3-BF4B-00C04F79EFBC}") = "UniTask", "UniTask.csproj", "{12302898-8287-7A3A-C65A-F7F622C71932}"
EndProject
Project("{FAE04EC0-301F-11D3-BF4B-00C04F79EFBC}") = "VRC.Udon", "VRC.Udon.csproj", "{237431CF-947F-0534-D2A8-1DC5A51C26D2}"
EndProject
Project("{FAE04EC0-301F-11D3-BF4B-00C04F79EFBC}") = "UniTask.Linq", "UniTask.Linq.csproj", "{DC1CDAB9-4A7F-83F8-31B3-E4564A418F5D}"
EndProject
Project("{FAE04EC0-301F-11D3-BF4B-00C04F79EFBC}") = "VRC.SDKBase", "VRC.SDKBase.csproj", "{04FA95C1-57B0-E377-3BA9-81B23F2423DE}"
EndProject
Project("{FAE04EC0-301F-11D3-BF4B-00C04F79EFBC}") = "VRC.ClientSim.Editor", "VRC.ClientSim.Editor.csproj", "{9BA5928D-258A-7AB1-8F9A-566E302FA750}"
EndProject
Project("{FAE04EC0-301F-11D3-BF4B-00C04F79EFBC}") = "VRC.SDK3", "VRC.SDK3.csproj", "{3A381D1C-A219-8A53-D654-6183675EE2AF}"
EndProject
Project("{FAE04EC0-301F-11D3-BF4B-00C04F79EFBC}") = "Assembly-CSharp", "Assembly-CSharp.csproj", "{1AD99310-979D-6EAC-A1FC-6F6EC865325B}"
EndProject
Project("{FAE04EC0-301F-11D3-BF4B-00C04F79EFBC}") = "VRC.SDK3.Editor", "VRC.SDK3.Editor.csproj", "{7DDACA62-320A-0BF4-522B-1DFF33E13878}"
EndProject
Project("{FAE04EC0-301F-11D3-BF4B-00C04F79EFBC}") = "UniTask.DOTween", "UniTask.DOTween.csproj", "{2FE99220-1A6E-B0D1-6D08-EA7067219659}"
EndProject
Project("{FAE04EC0-301F-11D3-BF4B-00C04F79EFBC}") = "red.sim.LightVolumes", "red.sim.LightVolumes.csproj", "{8A04E4BA-7114-BCD8-5DD0-2289DA257B6F}"
EndProject
Project("{FAE04EC0-301F-11D3-BF4B-00C04F79EFBC}") = "FukuroUdon", "FukuroUdon.csproj", "{03D84C02-B07E-C2F5-558B-C306CB69FAE0}"
EndProject
Project("{FAE04EC0-301F-11D3-BF4B-00C04F79EFBC}") = "jp.lilxyzw.editortoolbox.runtime", "jp.lilxyzw.editortoolbox.runtime.csproj", "{DB851AF8-D66B-ABFA-9615-373E6E1A0084}"
EndProject
Project("{FAE04EC0-301F-11D3-BF4B-00C04F79EFBC}") = "UnityEditorTests", "UnityEditorTests.csproj", "{0F01A3CD-5E5F-7868-0395-B0A40754A2E7}"
EndProject
Project("{FAE04EC0-301F-11D3-BF4B-00C04F79EFBC}") = "jp.lilxyzw.editortoolbox.docsgenerator", "jp.lilxyzw.editortoolbox.docsgenerator.csproj", "{5A6E1F3B-E33A-ABA5-5C8A-4235AA27162A}"
EndProject
Project("{FAE04EC0-301F-11D3-BF4B-00C04F79EFBC}") = "Cyan.CyanTrigger", "Cyan.CyanTrigger.csproj", "{59FBD141-1342-C214-7F2B-F43811354214}"
EndProject
Project("{FAE04EC0-301F-11D3-BF4B-00C04F79EFBC}") = "VRWorldToolkit.Editor", "VRWorldToolkit.Editor.csproj", "{71B35C8E-DAD8-62A2-C3F1-17220C4F345D}"
EndProject
Project("{FAE04EC0-301F-11D3-BF4B-00C04F79EFBC}") = "VRC.ExampleCentral.Editor", "VRC.ExampleCentral.Editor.csproj", "{A8FCF478-9230-920C-1EB4-463FDF79A09C}"
EndProject
Project("{FAE04EC0-301F-11D3-BF4B-00C04F79EFBC}") = "BakeryRuntimeAssembly", "BakeryRuntimeAssembly.csproj", "{245BF769-9373-E663-DEEB-00695A321B0F}"
EndProject
Project("{FAE04EC0-301F-11D3-BF4B-00C04F79EFBC}") = "lilToon.Editor", "lilToon.Editor.csproj", "{1ED0495F-2AA2-274F-2ACB-2A1A03EDBB0E}"
EndProject
Project("{FAE04EC0-301F-11D3-BF4B-00C04F79EFBC}") = "red.sim.LightVolumesEditor", "red.sim.LightVolumesEditor.csproj", "{2A20BF56-816F-630D-C8E5-2E266E95012F}"
EndProject
Project("{FAE04EC0-301F-11D3-BF4B-00C04F79EFBC}") = "com.vrchat.core.vpm-resolver.Editor", "com.vrchat.core.vpm-resolver.Editor.csproj", "{5842BC10-BC4B-1F97-43C6-02A581199D6B}"
EndProject
Project("{FAE04EC0-301F-11D3-BF4B-00C04F79EFBC}") = "VRC.SDKBase.Editor.ShaderStripping", "VRC.SDKBase.Editor.ShaderStripping.csproj", "{72AB4A5C-7D46-57BE-111D-5792D516EE42}"
EndProject
Project("{FAE04EC0-301F-11D3-BF4B-00C04F79EFBC}") = "Assembly-CSharp-Editor", "Assembly-CSharp-Editor.csproj", "{1E7E2B03-39B1-4283-98D6-D651E9BBA687}"
EndProject
Project("{FAE04EC0-301F-11D3-BF4B-00C04F79EFBC}") = "UdonSharp.Runtime", "UdonSharp.Runtime.csproj", "{635FA67C-C392-F504-56B9-A2E0AD4D4A9E}"
EndProject
Project("{FAE04EC0-301F-11D3-BF4B-00C04F79EFBC}") = "UniTask.Editor", "UniTask.Editor.csproj", "{F86A79B7-D6B1-E761-9ACE-C8C0EF25E554}"
EndProject
Project("{FAE04EC0-301F-11D3-BF4B-00C04F79EFBC}") = "red.sim.LightVolumesUdon", "red.sim.LightVolumesUdon.csproj", "{B78CFDF5-2DB5-0E71-E71D-10015BBF12FE}"
EndProject
Project("{FAE04EC0-301F-11D3-BF4B-00C04F79EFBC}") = "UdonSharp.Lib", "UdonSharp.Lib.csproj", "{147D544E-00B1-E3FF-5911-5CF0A566A9B6}"
EndProject
Project("{FAE04EC0-301F-11D3-BF4B-00C04F79EFBC}") = "VRC.SDKBase.Editor.BuildPipeline", "VRC.SDKBase.Editor.BuildPipeline.csproj", "{23BC9093-D347-DA48-8694-99C92BDE4ABC}"
EndProject
Project("{FAE04EC0-301F-11D3-BF4B-00C04F79EFBC}") = "UniTask.Addressables", "UniTask.Addressables.csproj", "{160379D8-0F96-C192-19BD-6AD40496DEC5}"
EndProject
Project("{FAE04EC0-301F-11D3-BF4B-00C04F79EFBC}") = "UniTask.TextMeshPro", "UniTask.TextMeshPro.csproj", "{733B7B02-6C8D-EC03-B956-B7EA28434DBB}"
EndProject
Project("{FAE04EC0-301F-11D3-BF4B-00C04F79EFBC}") = "jp.lilxyzw.editortoolbox.vrchat", "jp.lilxyzw.editortoolbox.vrchat.csproj", "{25E8A134-B99A-57F6-45B4-F6222C7C0E61}"
EndProject
Global
	GlobalSection(SolutionConfigurationPlatforms) = preSolution
		Debug|Any CPU = Debug|Any CPU
		Release|Any CPU = Release|Any CPU
	EndGlobalSection
	GlobalSection(ProjectConfigurationPlatforms) = postSolution
		{82ABECAA-D685-820B-8112-DA073453F16C}.Debug|Any CPU.ActiveCfg = Debug|Any CPU
		{82ABECAA-D685-820B-8112-DA073453F16C}.Debug|Any CPU.Build.0 = Debug|Any CPU
		{82ABECAA-D685-820B-8112-DA073453F16C}.Release|Any CPU.ActiveCfg = Release|Any CPU
		{82ABECAA-D685-820B-8112-DA073453F16C}.Release|Any CPU.Build.0 = Release|Any CPU
		{DB635E40-06E4-32D3-6FEE-9EAADE4DBF74}.Debug|Any CPU.ActiveCfg = Debug|Any CPU
		{DB635E40-06E4-32D3-6FEE-9EAADE4DBF74}.Debug|Any CPU.Build.0 = Debug|Any CPU
		{DB635E40-06E4-32D3-6FEE-9EAADE4DBF74}.Release|Any CPU.ActiveCfg = Release|Any CPU
		{DB635E40-06E4-32D3-6FEE-9EAADE4DBF74}.Release|Any CPU.Build.0 = Release|Any CPU
		{23EBA436-095C-FE31-1F54-A8528DD21599}.Debug|Any CPU.ActiveCfg = Debug|Any CPU
		{23EBA436-095C-FE31-1F54-A8528DD21599}.Debug|Any CPU.Build.0 = Debug|Any CPU
		{23EBA436-095C-FE31-1F54-A8528DD21599}.Release|Any CPU.ActiveCfg = Release|Any CPU
		{23EBA436-095C-FE31-1F54-A8528DD21599}.Release|Any CPU.Build.0 = Release|Any CPU
		{CA7D16A6-0D9A-F154-FA03-5425806AA68F}.Debug|Any CPU.ActiveCfg = Debug|Any CPU
		{CA7D16A6-0D9A-F154-FA03-5425806AA68F}.Debug|Any CPU.Build.0 = Debug|Any CPU
		{CA7D16A6-0D9A-F154-FA03-5425806AA68F}.Release|Any CPU.ActiveCfg = Release|Any CPU
		{CA7D16A6-0D9A-F154-FA03-5425806AA68F}.Release|Any CPU.Build.0 = Release|Any CPU
		{87D34F7F-61AE-E871-6734-F78B13D48E2F}.Debug|Any CPU.ActiveCfg = Debug|Any CPU
		{87D34F7F-61AE-E871-6734-F78B13D48E2F}.Debug|Any CPU.Build.0 = Debug|Any CPU
		{87D34F7F-61AE-E871-6734-F78B13D48E2F}.Release|Any CPU.ActiveCfg = Release|Any CPU
		{87D34F7F-61AE-E871-6734-F78B13D48E2F}.Release|Any CPU.Build.0 = Release|Any CPU
		{9ADB768A-ADCE-41A1-8BA3-8CC42190E673}.Debug|Any CPU.ActiveCfg = Debug|Any CPU
		{9ADB768A-ADCE-41A1-8BA3-8CC42190E673}.Debug|Any CPU.Build.0 = Debug|Any CPU
		{9ADB768A-ADCE-41A1-8BA3-8CC42190E673}.Release|Any CPU.ActiveCfg = Release|Any CPU
		{9ADB768A-ADCE-41A1-8BA3-8CC42190E673}.Release|Any CPU.Build.0 = Release|Any CPU
		{BE776858-8FD1-0C88-7A38-E1C61D0E205C}.Debug|Any CPU.ActiveCfg = Debug|Any CPU
		{BE776858-8FD1-0C88-7A38-E1C61D0E205C}.Debug|Any CPU.Build.0 = Debug|Any CPU
		{BE776858-8FD1-0C88-7A38-E1C61D0E205C}.Release|Any CPU.ActiveCfg = Release|Any CPU
		{BE776858-8FD1-0C88-7A38-E1C61D0E205C}.Release|Any CPU.Build.0 = Release|Any CPU
		{5512EE9B-E382-9D60-0B29-8FE7F5C47FA8}.Debug|Any CPU.ActiveCfg = Debug|Any CPU
		{5512EE9B-E382-9D60-0B29-8FE7F5C47FA8}.Debug|Any CPU.Build.0 = Debug|Any CPU
		{5512EE9B-E382-9D60-0B29-8FE7F5C47FA8}.Release|Any CPU.ActiveCfg = Release|Any CPU
		{5512EE9B-E382-9D60-0B29-8FE7F5C47FA8}.Release|Any CPU.Build.0 = Release|Any CPU
		{0E6CA0AE-6DE0-EB40-2B22-8025541A2B31}.Debug|Any CPU.ActiveCfg = Debug|Any CPU
		{0E6CA0AE-6DE0-EB40-2B22-8025541A2B31}.Debug|Any CPU.Build.0 = Debug|Any CPU
		{0E6CA0AE-6DE0-EB40-2B22-8025541A2B31}.Release|Any CPU.ActiveCfg = Release|Any CPU
		{0E6CA0AE-6DE0-EB40-2B22-8025541A2B31}.Release|Any CPU.Build.0 = Release|Any CPU
		{12302898-8287-7A3A-C65A-F7F622C71932}.Debug|Any CPU.ActiveCfg = Debug|Any CPU
		{12302898-8287-7A3A-C65A-F7F622C71932}.Debug|Any CPU.Build.0 = Debug|Any CPU
		{12302898-8287-7A3A-C65A-F7F622C71932}.Release|Any CPU.ActiveCfg = Release|Any CPU
		{12302898-8287-7A3A-C65A-F7F622C71932}.Release|Any CPU.Build.0 = Release|Any CPU
		{237431CF-947F-0534-D2A8-1DC5A51C26D2}.Debug|Any CPU.ActiveCfg = Debug|Any CPU
		{237431CF-947F-0534-D2A8-1DC5A51C26D2}.Debug|Any CPU.Build.0 = Debug|Any CPU
		{237431CF-947F-0534-D2A8-1DC5A51C26D2}.Release|Any CPU.ActiveCfg = Release|Any CPU
		{237431CF-947F-0534-D2A8-1DC5A51C26D2}.Release|Any CPU.Build.0 = Release|Any CPU
		{DC1CDAB9-4A7F-83F8-31B3-E4564A418F5D}.Debug|Any CPU.ActiveCfg = Debug|Any CPU
		{DC1CDAB9-4A7F-83F8-31B3-E4564A418F5D}.Debug|Any CPU.Build.0 = Debug|Any CPU
		{DC1CDAB9-4A7F-83F8-31B3-E4564A418F5D}.Release|Any CPU.ActiveCfg = Release|Any CPU
		{DC1CDAB9-4A7F-83F8-31B3-E4564A418F5D}.Release|Any CPU.Build.0 = Release|Any CPU
		{04FA95C1-57B0-E377-3BA9-81B23F2423DE}.Debug|Any CPU.ActiveCfg = Debug|Any CPU
		{04FA95C1-57B0-E377-3BA9-81B23F2423DE}.Debug|Any CPU.Build.0 = Debug|Any CPU
		{04FA95C1-57B0-E377-3BA9-81B23F2423DE}.Release|Any CPU.ActiveCfg = Release|Any CPU
		{04FA95C1-57B0-E377-3BA9-81B23F2423DE}.Release|Any CPU.Build.0 = Release|Any CPU
		{9BA5928D-258A-7AB1-8F9A-566E302FA750}.Debug|Any CPU.ActiveCfg = Debug|Any CPU
		{9BA5928D-258A-7AB1-8F9A-566E302FA750}.Debug|Any CPU.Build.0 = Debug|Any CPU
		{9BA5928D-258A-7AB1-8F9A-566E302FA750}.Release|Any CPU.ActiveCfg = Release|Any CPU
		{9BA5928D-258A-7AB1-8F9A-566E302FA750}.Release|Any CPU.Build.0 = Release|Any CPU
		{3A381D1C-A219-8A53-D654-6183675EE2AF}.Debug|Any CPU.ActiveCfg = Debug|Any CPU
		{3A381D1C-A219-8A53-D654-6183675EE2AF}.Debug|Any CPU.Build.0 = Debug|Any CPU
		{3A381D1C-A219-8A53-D654-6183675EE2AF}.Release|Any CPU.ActiveCfg = Release|Any CPU
		{3A381D1C-A219-8A53-D654-6183675EE2AF}.Release|Any CPU.Build.0 = Release|Any CPU
		{1AD99310-979D-6EAC-A1FC-6F6EC865325B}.Debug|Any CPU.ActiveCfg = Debug|Any CPU
		{1AD99310-979D-6EAC-A1FC-6F6EC865325B}.Debug|Any CPU.Build.0 = Debug|Any CPU
		{1AD99310-979D-6EAC-A1FC-6F6EC865325B}.Release|Any CPU.ActiveCfg = Release|Any CPU
		{1AD99310-979D-6EAC-A1FC-6F6EC865325B}.Release|Any CPU.Build.0 = Release|Any CPU
		{7DDACA62-320A-0BF4-522B-1DFF33E13878}.Debug|Any CPU.ActiveCfg = Debug|Any CPU
		{7DDACA62-320A-0BF4-522B-1DFF33E13878}.Debug|Any CPU.Build.0 = Debug|Any CPU
		{7DDACA62-320A-0BF4-522B-1DFF33E13878}.Release|Any CPU.ActiveCfg = Release|Any CPU
		{7DDACA62-320A-0BF4-522B-1DFF33E13878}.Release|Any CPU.Build.0 = Release|Any CPU
		{2FE99220-1A6E-B0D1-6D08-EA7067219659}.Debug|Any CPU.ActiveCfg = Debug|Any CPU
		{2FE99220-1A6E-B0D1-6D08-EA7067219659}.Debug|Any CPU.Build.0 = Debug|Any CPU
		{2FE99220-1A6E-B0D1-6D08-EA7067219659}.Release|Any CPU.ActiveCfg = Release|Any CPU
		{2FE99220-1A6E-B0D1-6D08-EA7067219659}.Release|Any CPU.Build.0 = Release|Any CPU
		{8A04E4BA-7114-BCD8-5DD0-2289DA257B6F}.Debug|Any CPU.ActiveCfg = Debug|Any CPU
		{8A04E4BA-7114-BCD8-5DD0-2289DA257B6F}.Debug|Any CPU.Build.0 = Debug|Any CPU
		{8A04E4BA-7114-BCD8-5DD0-2289DA257B6F}.Release|Any CPU.ActiveCfg = Release|Any CPU
		{8A04E4BA-7114-BCD8-5DD0-2289DA257B6F}.Release|Any CPU.Build.0 = Release|Any CPU
		{03D84C02-B07E-C2F5-558B-C306CB69FAE0}.Debug|Any CPU.ActiveCfg = Debug|Any CPU
		{03D84C02-B07E-C2F5-558B-C306CB69FAE0}.Debug|Any CPU.Build.0 = Debug|Any CPU
		{03D84C02-B07E-C2F5-558B-C306CB69FAE0}.Release|Any CPU.ActiveCfg = Release|Any CPU
		{03D84C02-B07E-C2F5-558B-C306CB69FAE0}.Release|Any CPU.Build.0 = Release|Any CPU
		{DB851AF8-D66B-ABFA-9615-373E6E1A0084}.Debug|Any CPU.ActiveCfg = Debug|Any CPU
		{DB851AF8-D66B-ABFA-9615-373E6E1A0084}.Debug|Any CPU.Build.0 = Debug|Any CPU
		{DB851AF8-D66B-ABFA-9615-373E6E1A0084}.Release|Any CPU.ActiveCfg = Release|Any CPU
		{DB851AF8-D66B-ABFA-9615-373E6E1A0084}.Release|Any CPU.Build.0 = Release|Any CPU
		{0F01A3CD-5E5F-7868-0395-B0A40754A2E7}.Debug|Any CPU.ActiveCfg = Debug|Any CPU
		{0F01A3CD-5E5F-7868-0395-B0A40754A2E7}.Debug|Any CPU.Build.0 = Debug|Any CPU
		{0F01A3CD-5E5F-7868-0395-B0A40754A2E7}.Release|Any CPU.ActiveCfg = Release|Any CPU
		{0F01A3CD-5E5F-7868-0395-B0A40754A2E7}.Release|Any CPU.Build.0 = Release|Any CPU
		{5A6E1F3B-E33A-ABA5-5C8A-4235AA27162A}.Debug|Any CPU.ActiveCfg = Debug|Any CPU
		{5A6E1F3B-E33A-ABA5-5C8A-4235AA27162A}.Debug|Any CPU.Build.0 = Debug|Any CPU
		{5A6E1F3B-E33A-ABA5-5C8A-4235AA27162A}.Release|Any CPU.ActiveCfg = Release|Any CPU
		{5A6E1F3B-E33A-ABA5-5C8A-4235AA27162A}.Release|Any CPU.Build.0 = Release|Any CPU
		{59FBD141-1342-C214-7F2B-F43811354214}.Debug|Any CPU.ActiveCfg = Debug|Any CPU
		{59FBD141-1342-C214-7F2B-F43811354214}.Debug|Any CPU.Build.0 = Debug|Any CPU
		{59FBD141-1342-C214-7F2B-F43811354214}.Release|Any CPU.ActiveCfg = Release|Any CPU
		{59FBD141-1342-C214-7F2B-F43811354214}.Release|Any CPU.Build.0 = Release|Any CPU
		{71B35C8E-DAD8-62A2-C3F1-17220C4F345D}.Debug|Any CPU.ActiveCfg = Debug|Any CPU
		{71B35C8E-DAD8-62A2-C3F1-17220C4F345D}.Debug|Any CPU.Build.0 = Debug|Any CPU
		{71B35C8E-DAD8-62A2-C3F1-17220C4F345D}.Release|Any CPU.ActiveCfg = Release|Any CPU
		{71B35C8E-DAD8-62A2-C3F1-17220C4F345D}.Release|Any CPU.Build.0 = Release|Any CPU
		{A8FCF478-9230-920C-1EB4-463FDF79A09C}.Debug|Any CPU.ActiveCfg = Debug|Any CPU
		{A8FCF478-9230-920C-1EB4-463FDF79A09C}.Debug|Any CPU.Build.0 = Debug|Any CPU
		{A8FCF478-9230-920C-1EB4-463FDF79A09C}.Release|Any CPU.ActiveCfg = Release|Any CPU
		{A8FCF478-9230-920C-1EB4-463FDF79A09C}.Release|Any CPU.Build.0 = Release|Any CPU
		{245BF769-9373-E663-DEEB-00695A321B0F}.Debug|Any CPU.ActiveCfg = Debug|Any CPU
		{245BF769-9373-E663-DEEB-00695A321B0F}.Debug|Any CPU.Build.0 = Debug|Any CPU
		{245BF769-9373-E663-DEEB-00695A321B0F}.Release|Any CPU.ActiveCfg = Release|Any CPU
		{245BF769-9373-E663-DEEB-00695A321B0F}.Release|Any CPU.Build.0 = Release|Any CPU
		{1ED0495F-2AA2-274F-2ACB-2A1A03EDBB0E}.Debug|Any CPU.ActiveCfg = Debug|Any CPU
		{1ED0495F-2AA2-274F-2ACB-2A1A03EDBB0E}.Debug|Any CPU.Build.0 = Debug|Any CPU
		{1ED0495F-2AA2-274F-2ACB-2A1A03EDBB0E}.Release|Any CPU.ActiveCfg = Release|Any CPU
		{1ED0495F-2AA2-274F-2ACB-2A1A03EDBB0E}.Release|Any CPU.Build.0 = Release|Any CPU
		{2A20BF56-816F-630D-C8E5-2E266E95012F}.Debug|Any CPU.ActiveCfg = Debug|Any CPU
		{2A20BF56-816F-630D-C8E5-2E266E95012F}.Debug|Any CPU.Build.0 = Debug|Any CPU
		{2A20BF56-816F-630D-C8E5-2E266E95012F}.Release|Any CPU.ActiveCfg = Release|Any CPU
		{2A20BF56-816F-630D-C8E5-2E266E95012F}.Release|Any CPU.Build.0 = Release|Any CPU
		{5842BC10-BC4B-1F97-43C6-02A581199D6B}.Debug|Any CPU.ActiveCfg = Debug|Any CPU
		{5842BC10-BC4B-1F97-43C6-02A581199D6B}.Debug|Any CPU.Build.0 = Debug|Any CPU
		{5842BC10-BC4B-1F97-43C6-02A581199D6B}.Release|Any CPU.ActiveCfg = Release|Any CPU
		{5842BC10-BC4B-1F97-43C6-02A581199D6B}.Release|Any CPU.Build.0 = Release|Any CPU
		{72AB4A5C-7D46-57BE-111D-5792D516EE42}.Debug|Any CPU.ActiveCfg = Debug|Any CPU
		{72AB4A5C-7D46-57BE-111D-5792D516EE42}.Debug|Any CPU.Build.0 = Debug|Any CPU
		{72AB4A5C-7D46-57BE-111D-5792D516EE42}.Release|Any CPU.ActiveCfg = Release|Any CPU
		{72AB4A5C-7D46-57BE-111D-5792D516EE42}.Release|Any CPU.Build.0 = Release|Any CPU
		{1E7E2B03-39B1-4283-98D6-D651E9BBA687}.Debug|Any CPU.ActiveCfg = Debug|Any CPU
		{1E7E2B03-39B1-4283-98D6-D651E9BBA687}.Debug|Any CPU.Build.0 = Debug|Any CPU
		{1E7E2B03-39B1-4283-98D6-D651E9BBA687}.Release|Any CPU.ActiveCfg = Release|Any CPU
		{1E7E2B03-39B1-4283-98D6-D651E9BBA687}.Release|Any CPU.Build.0 = Release|Any CPU
		{635FA67C-C392-F504-56B9-A2E0AD4D4A9E}.Debug|Any CPU.ActiveCfg = Debug|Any CPU
		{635FA67C-C392-F504-56B9-A2E0AD4D4A9E}.Debug|Any CPU.Build.0 = Debug|Any CPU
		{635FA67C-C392-F504-56B9-A2E0AD4D4A9E}.Release|Any CPU.ActiveCfg = Release|Any CPU
		{635FA67C-C392-F504-56B9-A2E0AD4D4A9E}.Release|Any CPU.Build.0 = Release|Any CPU
		{F86A79B7-D6B1-E761-9ACE-C8C0EF25E554}.Debug|Any CPU.ActiveCfg = Debug|Any CPU
		{F86A79B7-D6B1-E761-9ACE-C8C0EF25E554}.Debug|Any CPU.Build.0 = Debug|Any CPU
		{F86A79B7-D6B1-E761-9ACE-C8C0EF25E554}.Release|Any CPU.ActiveCfg = Release|Any CPU
		{F86A79B7-D6B1-E761-9ACE-C8C0EF25E554}.Release|Any CPU.Build.0 = Release|Any CPU
		{B78CFDF5-2DB5-0E71-E71D-10015BBF12FE}.Debug|Any CPU.ActiveCfg = Debug|Any CPU
		{B78CFDF5-2DB5-0E71-E71D-10015BBF12FE}.Debug|Any CPU.Build.0 = Debug|Any CPU
		{B78CFDF5-2DB5-0E71-E71D-10015BBF12FE}.Release|Any CPU.ActiveCfg = Release|Any CPU
		{B78CFDF5-2DB5-0E71-E71D-10015BBF12FE}.Release|Any CPU.Build.0 = Release|Any CPU
		{147D544E-00B1-E3FF-5911-5CF0A566A9B6}.Debug|Any CPU.ActiveCfg = Debug|Any CPU
		{147D544E-00B1-E3FF-5911-5CF0A566A9B6}.Debug|Any CPU.Build.0 = Debug|Any CPU
		{147D544E-00B1-E3FF-5911-5CF0A566A9B6}.Release|Any CPU.ActiveCfg = Release|Any CPU
		{147D544E-00B1-E3FF-5911-5CF0A566A9B6}.Release|Any CPU.Build.0 = Release|Any CPU
		{23BC9093-D347-DA48-8694-99C92BDE4ABC}.Debug|Any CPU.ActiveCfg = Debug|Any CPU
		{23BC9093-D347-DA48-8694-99C92BDE4ABC}.Debug|Any CPU.Build.0 = Debug|Any CPU
		{23BC9093-D347-DA48-8694-99C92BDE4ABC}.Release|Any CPU.ActiveCfg = Release|Any CPU
		{23BC9093-D347-DA48-8694-99C92BDE4ABC}.Release|Any CPU.Build.0 = Release|Any CPU
		{160379D8-0F96-C192-19BD-6AD40496DEC5}.Debug|Any CPU.ActiveCfg = Debug|Any CPU
		{160379D8-0F96-C192-19BD-6AD40496DEC5}.Debug|Any CPU.Build.0 = Debug|Any CPU
		{160379D8-0F96-C192-19BD-6AD40496DEC5}.Release|Any CPU.ActiveCfg = Release|Any CPU
		{160379D8-0F96-C192-19BD-6AD40496DEC5}.Release|Any CPU.Build.0 = Release|Any CPU
		{733B7B02-6C8D-EC03-B956-B7EA28434DBB}.Debug|Any CPU.ActiveCfg = Debug|Any CPU
		{733B7B02-6C8D-EC03-B956-B7EA28434DBB}.Debug|Any CPU.Build.0 = Debug|Any CPU
		{733B7B02-6C8D-EC03-B956-B7EA28434DBB}.Release|Any CPU.ActiveCfg = Release|Any CPU
		{733B7B02-6C8D-EC03-B956-B7EA28434DBB}.Release|Any CPU.Build.0 = Release|Any CPU
		{25E8A134-B99A-57F6-45B4-F6222C7C0E61}.Debug|Any CPU.ActiveCfg = Debug|Any CPU
		{25E8A134-B99A-57F6-45B4-F6222C7C0E61}.Debug|Any CPU.Build.0 = Debug|Any CPU
		{25E8A134-B99A-57F6-45B4-F6222C7C0E61}.Release|Any CPU.ActiveCfg = Release|Any CPU
		{25E8A134-B99A-57F6-45B4-F6222C7C0E61}.Release|Any CPU.Build.0 = Release|Any CPU
	EndGlobalSection
	GlobalSection(SolutionProperties) = preSolution
		HideSolutionNode = FALSE
	EndGlobalSection
EndGlobal
